{
  "name": "rov-cockpit-frontend",
  "version": "0.1.0",
  "lockfileVersion": 3,
  "requires": true,
  "packages": {
    "": {
      "name": "rov-cockpit-frontend",
      "version": "0.1.0",
      "dependencies": {
        "@picocss/pico": "^2.1.1",
        "rov-cockpit-frontend": "file:"
      },
      "devDependencies": {
        "typescript": "^5.9.0"
      }
    },
    "node_modules/@picocss/pico": {
      "version": "2.1.1",
      "resolved": "https://registry.npmjs.org/@picocss/pico/-/pico-2.1.1.tgz",
      "integrity": "sha512-kIDugA7Ps4U+2BHxiNHmvgPIQDWPDU4IeU6TNRdvXQM1uZX+FibqDQT2xUOnnO2yq/LUHcwnGlu1hvf4KfXnMg==",
      "license": "MIT"
    },
    "node_modules/rov-cockpit-frontend": {
      "resolved": "",
      "link": true
    },
    "node_modules/typescript": {
      "version": "5.9.3",
      "resolved": "https://registry.npmjs.org/typescript/-/typescript-5.9.3.tgz",
      "integrity": "sha512-jl1vZzPDinLr9eUt3J/t7V6FgNEw9QjvBPdysz9KfQDD41fQrC2Y4vKQdiaUpFT4bXlb1RHhLpp8wtm6M5TgSw==",
      "dev": true,
      "license": "Apache-2.0",
      "bin": {
        "tsc": "bin/tsc",
        "tsserver": "bin/tsserver"
      },
      "engines": {
        "node": ">=14.17"
      }
    }
  }
}
